Microsoft Visual Studio Solution File, Format Version 12.00
# Visual Studio Version 17
VisualStudioVersion = 17.0.31903.59
MinimumVisualStudioVersion = 10.0.40219.1
Project("{8BC9CEB8-8B4A-11D0-8D11-00A0C91BC942}") = "RadxaControlCenter", "RadxaControlCenter.vcxproj", "{1E95E5D2-A641-470E-AAB7-F456F3B7636D}"
EndProject
Global
	GlobalSection(SolutionConfigurationPlatforms) = preSolution
		Debug|ARM64 = Debug|ARM64
		Release|ARM64 = Release|ARM64
	EndGlobalSection
	GlobalSection(ProjectConfigurationPlatforms) = postSolution
		{1E95E5D2-A641-470E-AAB7-F456F3B7636D}.Debug|ARM64.ActiveCfg = Debug|ARM64
		{1E95E5D2-A641-470E-AAB7-F456F3B7636D}.Debug|ARM64.Build.0 = Debug|ARM64
		{1E95E5D2-A641-470E-AAB7-F456F3B7636D}.Release|ARM64.ActiveCfg = Release|ARM64
		{1E95E5D2-A641-470E-AAB7-F456F3B7636D}.Release|ARM64.Build.0 = Release|ARM64
	EndGlobalSection
	GlobalSection(SolutionProperties) = preSolution
		HideSolutionNode = FALSE
	EndGlobalSection
EndGlobal
